
Microsoft Visual Studio Solution File, Format Version 10.00
# Visual Studio 2008
Project("{8BC9CEB8-8B4A-11D0-8D11-00A0C91BC942}") = "Bon", "Bon\Bon.vcproj", "{FBEC7B98-97B0-43B9-B722-BF4AD12222AF}"
EndProject
Project("{2150E333-8FDC-42A3-9474-1A3956D46DE8}") = "Plugins", "Plugins", "{34647886-2898-43CF-A89E-435D766884F1}"
	ProjectSection(SolutionItems) = preProject
		Plugins\_base\IPlugin.h = Plugins\_base\IPlugin.h
	EndProjectSection
EndProject
Project("{8BC9CEB8-8B4A-11D0-8D11-00A0C91BC942}") = "PKPD", "PKPD\PKPD.vcproj", "{D1F10223-A795-45AE-B4AB-F3AA5C631F39}"
EndProject
Project("{8BC9CEB8-8B4A-11D0-8D11-00A0C91BC942}") = "PEmf", "PEmf\PEmf.vcproj", "{DE49959D-02C7-4983-9DF4-63E111770ECD}"
EndProject
Project("{8BC9CEB8-8B4A-11D0-8D11-00A0C91BC942}") = "PCL", "Plugins\PCL\PCL.vcproj", "{DB63F56A-8692-4F64-BE79-1F33FE2FCD10}"
EndProject
Project("{8BC9CEB8-8B4A-11D0-8D11-00A0C91BC942}") = "Emf", "Plugins\Emf\Emf.vcproj", "{7E465EE7-A34C-46CE-AF90-85936392A3C0}"
EndProject
Project("{8BC9CEB8-8B4A-11D0-8D11-00A0C91BC942}") = "KPD", "Plugins\KPD\KPD.vcproj", "{94D8B24F-F7DA-456E-8453-56DF04DE1328}"
EndProject
Project("{8BC9CEB8-8B4A-11D0-8D11-00A0C91BC942}") = "PDF", "Plugins\PDF\PDF.vcproj", "{DD4C24FF-0BE1-4836-95F6-1AACC24DDF93}"
EndProject
Project("{8BC9CEB8-8B4A-11D0-8D11-00A0C91BC942}") = "EmfPk", "Plugins\EmfPk\EmfPk.vcproj", "{73342AAA-A496-4FC0-A00C-E91C89E7CE76}"
EndProject
Global
	GlobalSection(SolutionConfigurationPlatforms) = preSolution
		Debug|Win32 = Debug|Win32
		Debug|x64 = Debug|x64
		Release|Win32 = Release|Win32
		Release|x64 = Release|x64
	EndGlobalSection
	GlobalSection(ProjectConfigurationPlatforms) = postSolution
		{FBEC7B98-97B0-43B9-B722-BF4AD12222AF}.Debug|Win32.ActiveCfg = Debug|Win32
		{FBEC7B98-97B0-43B9-B722-BF4AD12222AF}.Debug|Win32.Build.0 = Debug|Win32
		{FBEC7B98-97B0-43B9-B722-BF4AD12222AF}.Debug|x64.ActiveCfg = Debug|x64
		{FBEC7B98-97B0-43B9-B722-BF4AD12222AF}.Debug|x64.Build.0 = Debug|x64
		{FBEC7B98-97B0-43B9-B722-BF4AD12222AF}.Release|Win32.ActiveCfg = Release|Win32
		{FBEC7B98-97B0-43B9-B722-BF4AD12222AF}.Release|Win32.Build.0 = Release|Win32
		{FBEC7B98-97B0-43B9-B722-BF4AD12222AF}.Release|x64.ActiveCfg = Release|x64
		{FBEC7B98-97B0-43B9-B722-BF4AD12222AF}.Release|x64.Build.0 = Release|x64
		{D1F10223-A795-45AE-B4AB-F3AA5C631F39}.Debug|Win32.ActiveCfg = Debug|Win32
		{D1F10223-A795-45AE-B4AB-F3AA5C631F39}.Debug|Win32.Build.0 = Debug|Win32
		{D1F10223-A795-45AE-B4AB-F3AA5C631F39}.Debug|x64.ActiveCfg = Debug|x64
		{D1F10223-A795-45AE-B4AB-F3AA5C631F39}.Debug|x64.Build.0 = Debug|x64
		{D1F10223-A795-45AE-B4AB-F3AA5C631F39}.Release|Win32.ActiveCfg = Release|Win32
		{D1F10223-A795-45AE-B4AB-F3AA5C631F39}.Release|Win32.Build.0 = Release|Win32
		{D1F10223-A795-45AE-B4AB-F3AA5C631F39}.Release|x64.ActiveCfg = Release|x64
		{DE49959D-02C7-4983-9DF4-63E111770ECD}.Debug|Win32.ActiveCfg = Debug|Win32
		{DE49959D-02C7-4983-9DF4-63E111770ECD}.Debug|Win32.Build.0 = Debug|Win32
		{DE49959D-02C7-4983-9DF4-63E111770ECD}.Debug|x64.ActiveCfg = Debug|x64
		{DE49959D-02C7-4983-9DF4-63E111770ECD}.Debug|x64.Build.0 = Debug|x64
		{DE49959D-02C7-4983-9DF4-63E111770ECD}.Release|Win32.ActiveCfg = Release|Win32
		{DE49959D-02C7-4983-9DF4-63E111770ECD}.Release|Win32.Build.0 = Release|Win32
		{DE49959D-02C7-4983-9DF4-63E111770ECD}.Release|x64.ActiveCfg = Release|x64
		{DB63F56A-8692-4F64-BE79-1F33FE2FCD10}.Debug|Win32.ActiveCfg = Debug|Win32
		{DB63F56A-8692-4F64-BE79-1F33FE2FCD10}.Debug|Win32.Build.0 = Debug|Win32
		{DB63F56A-8692-4F64-BE79-1F33FE2FCD10}.Debug|x64.ActiveCfg = Debug|Win32
		{DB63F56A-8692-4F64-BE79-1F33FE2FCD10}.Release|Win32.ActiveCfg = Release|Win32
		{DB63F56A-8692-4F64-BE79-1F33FE2FCD10}.Release|Win32.Build.0 = Release|Win32
		{DB63F56A-8692-4F64-BE79-1F33FE2FCD10}.Release|x64.ActiveCfg = Release|Win32
		{7E465EE7-A34C-46CE-AF90-85936392A3C0}.Debug|Win32.ActiveCfg = Debug|Win32
		{7E465EE7-A34C-46CE-AF90-85936392A3C0}.Debug|Win32.Build.0 = Debug|Win32
		{7E465EE7-A34C-46CE-AF90-85936392A3C0}.Debug|x64.ActiveCfg = Debug|Win32
		{7E465EE7-A34C-46CE-AF90-85936392A3C0}.Release|Win32.ActiveCfg = Release|Win32
		{7E465EE7-A34C-46CE-AF90-85936392A3C0}.Release|Win32.Build.0 = Release|Win32
		{7E465EE7-A34C-46CE-AF90-85936392A3C0}.Release|x64.ActiveCfg = Release|Win32
		{94D8B24F-F7DA-456E-8453-56DF04DE1328}.Debug|Win32.ActiveCfg = Debug|Win32
		{94D8B24F-F7DA-456E-8453-56DF04DE1328}.Debug|Win32.Build.0 = Debug|Win32
		{94D8B24F-F7DA-456E-8453-56DF04DE1328}.Debug|x64.ActiveCfg = Debug|Win32
		{94D8B24F-F7DA-456E-8453-56DF04DE1328}.Release|Win32.ActiveCfg = Release|Win32
		{94D8B24F-F7DA-456E-8453-56DF04DE1328}.Release|Win32.Build.0 = Release|Win32
		{94D8B24F-F7DA-456E-8453-56DF04DE1328}.Release|x64.ActiveCfg = Release|Win32
		{DD4C24FF-0BE1-4836-95F6-1AACC24DDF93}.Debug|Win32.ActiveCfg = Debug|Win32
		{DD4C24FF-0BE1-4836-95F6-1AACC24DDF93}.Debug|Win32.Build.0 = Debug|Win32
		{DD4C24FF-0BE1-4836-95F6-1AACC24DDF93}.Debug|x64.ActiveCfg = Debug|Win32
		{DD4C24FF-0BE1-4836-95F6-1AACC24DDF93}.Release|Win32.ActiveCfg = Release|Win32
		{DD4C24FF-0BE1-4836-95F6-1AACC24DDF93}.Release|Win32.Build.0 = Release|Win32
		{DD4C24FF-0BE1-4836-95F6-1AACC24DDF93}.Release|x64.ActiveCfg = Release|Win32
		{73342AAA-A496-4FC0-A00C-E91C89E7CE76}.Debug|Win32.ActiveCfg = Debug|Win32
		{73342AAA-A496-4FC0-A00C-E91C89E7CE76}.Debug|Win32.Build.0 = Debug|Win32
		{73342AAA-A496-4FC0-A00C-E91C89E7CE76}.Debug|x64.ActiveCfg = Debug|Win32
		{73342AAA-A496-4FC0-A00C-E91C89E7CE76}.Release|Win32.ActiveCfg = Release|Win32
		{73342AAA-A496-4FC0-A00C-E91C89E7CE76}.Release|Win32.Build.0 = Release|Win32
		{73342AAA-A496-4FC0-A00C-E91C89E7CE76}.Release|x64.ActiveCfg = Release|Win32
	EndGlobalSection
	GlobalSection(SolutionProperties) = preSolution
		HideSolutionNode = FALSE
	EndGlobalSection
	GlobalSection(NestedProjects) = preSolution
		{D1F10223-A795-45AE-B4AB-F3AA5C631F39} = {34647886-2898-43CF-A89E-435D766884F1}
		{DE49959D-02C7-4983-9DF4-63E111770ECD} = {34647886-2898-43CF-A89E-435D766884F1}
		{DB63F56A-8692-4F64-BE79-1F33FE2FCD10} = {34647886-2898-43CF-A89E-435D766884F1}
		{7E465EE7-A34C-46CE-AF90-85936392A3C0} = {34647886-2898-43CF-A89E-435D766884F1}
		{94D8B24F-F7DA-456E-8453-56DF04DE1328} = {34647886-2898-43CF-A89E-435D766884F1}
		{DD4C24FF-0BE1-4836-95F6-1AACC24DDF93} = {34647886-2898-43CF-A89E-435D766884F1}
		{73342AAA-A496-4FC0-A00C-E91C89E7CE76} = {34647886-2898-43CF-A89E-435D766884F1}
	EndGlobalSection
EndGlobal
